// !$*UTF8*$!
{
	archiveVersion = 1;
	classes = {
	};
	objectVersion = 48;
	objects = {

/* Begin PBXBuildFile section */
		ED99035520892A1800A25C05 /* AppDelegate.swift in Sources */ = {isa = PBXBuildFile; fileRef = ED99035420892A1800A25C05 /* AppDelegate.swift */; };
		ED99035720892A1800A25C05 /* GameScene.sks in Resources */ = {isa = PBXBuildFile; fileRef = ED99035620892A1800A25C05 /* GameScene.sks */; };
		ED99035920892A1800A25C05 /* Actions.sks in Resources */ = {isa = PBXBuildFile; fileRef = ED99035820892A1800A25C05 /* Actions.sks */; };
		ED99035B20892A1800A25C05 /* GameScene.swift in Sources */ = {isa = PBXBuildFile; fileRef = ED99035A20892A1800A25C05 /* GameScene.swift */; };
		ED99035D20892A1800A25C05 /* GameViewController.swift in Sources */ = {isa = PBXBuildFile; fileRef = ED99035C20892A1800A25C05 /* GameViewController.swift */; };
		ED99036020892A1800A25C05 /* Main.storyboard in Resources */ = {isa = PBXBuildFile; fileRef = ED99035E20892A1800A25C05 /* Main.storyboard */; };
		ED99036220892A1800A25C05 /* Assets.xcassets in Resources */ = {isa = PBXBuildFile; fileRef = ED99036120892A1800A25C05 /* Assets.xcassets */; };
		ED99036520892A1800A25C05 /* LaunchScreen.storyboard in Resources */ = {isa = PBXBuildFile; fileRef = ED99036320892A1800A25C05 /* LaunchScreen.storyboard */; };
		ED99037020892A1800A25C05 /* PongTests.swift in Sources */ = {isa = PBXBuildFile; fileRef = ED99036F20892A1800A25C05 /* PongTests.swift */; };
		ED99037B20892A1800A25C05 /* PongUITests.swift in Sources */ = {isa = PBXBuildFile; fileRef = ED99037A20892A1800A25C05 /* PongUITests.swift */; };
/* End PBXBuildFile section */

/* Begin PBXContainerItemProxy section */
		ED99036C20892A1800A25C05 /* PBXContainerItemProxy */ = {
			isa = PBXContainerItemProxy;
			containerPortal = ED99034920892A1800A25C05 /* Project object */;
			proxyType = 1;
			remoteGlobalIDString = ED99035020892A1800A25C05;
			remoteInfo = Pong;
		};
		ED99037720892A1800A25C05 /* PBXContainerItemProxy */ = {
			isa = PBXContainerItemProxy;
			containerPortal = ED99034920892A1800A25C05 /* Project object */;
			proxyType = 1;
			remoteGlobalIDString = ED99035020892A1800A25C05;
			remoteInfo = Pong;
		};
/* End PBXContainerItemProxy section */

/* Begin PBXFileReference section */
		ED99035120892A1800A25C05 /* Pong.app */ = {isa = PBXFileReference; explicitFileType = wrapper.application; includeInIndex = 0; path = Pong.app; sourceTree = BUILT_PRODUCTS_DIR; };
		ED99035420892A1800A25C05 /* AppDelegate.swift */ = {isa = PBXFileReference; lastKnownFileType = sourcecode.swift; path = AppDelegate.swift; sourceTree = "<group>"; };
		ED99035620892A1800A25C05 /* GameScene.sks */ = {isa = PBXFileReference; lastKnownFileType = file.sks; path = GameScene.sks; sourceTree = "<group>"; };
		ED99035820892A1800A25C05 /* Actions.sks */ = {isa = PBXFileReference; lastKnownFileType = file.sks; path = Actions.sks; sourceTree = "<group>"; };
		ED99035A20892A1800A25C05 /* GameScene.swift */ = {isa = PBXFileReference; lastKnownFileType = sourcecode.swift; path = GameScene.swift; sourceTree = "<group>"; };
		ED99035C20892A1800A25C05 /* GameViewController.swift */ = {isa = PBXFileReference; lastKnownFileType = sourcecode.swift; path = GameViewController.swift; sourceTree = "<group>"; };
		ED99035F20892A1800A25C05 /* Base */ = {isa = PBXFileReference; lastKnownFileType = file.storyboard; name = Base; path = Base.lproj/Main.storyboard; sourceTree = "<group>"; };
		ED99036120892A1800A25C05 /* Assets.xcassets */ = {isa = PBXFileReference; lastKnownFileType = folder.assetcatalog; path = Assets.xcassets; sourceTree = "<group>"; };
		ED99036420892A1800A25C05 /* Base */ = {isa = PBXFileReference; lastKnownFileType = file.storyboard; name = Base; path = Base.lproj/LaunchScreen.storyboard; sourceTree = "<group>"; };
		ED99036620892A1800A25C05 /* Info.plist */ = {isa = PBXFileReference; lastKnownFileType = text.plist.xml; path = Info.plist; sourceTree = "<group>"; };
		ED99036B20892A1800A25C05 /* PongTests.xctest */ = {isa = PBXFileReference; explicitFileType = wrapper.cfbundle; includeInIndex = 0; path = PongTests.xctest; sourceTree = BUILT_PRODUCTS_DIR; };
		ED99036F20892A1800A25C05 /* PongTests.swift */ = {isa = PBXFileReference; lastKnownFileType = sourcecode.swift; path = PongTests.swift; sourceTree = "<group>"; };
		ED99037120892A1800A25C05 /* Info.plist */ = {isa = PBXFileReference; lastKnownFileType = text.plist.xml; path = Info.plist; sourceTree = "<group>"; };
		ED99037620892A1800A25C05 /* PongUITests.xctest */ = {isa = PBXFileReference; explicitFileType = wrapper.cfbundle; includeInIndex = 0; path = PongUITests.xctest; sourceTree = BUILT_PRODUCTS_DIR; };
		ED99037A20892A1800A25C05 /* PongUITests.swift */ = {isa = PBXFileReference; lastKnownFileType = sourcecode.swift; path = PongUITests.swift; sourceTree = "<group>"; };
		ED99037C20892A1800A25C05 /* Info.plist */ = {isa = PBXFileReference; lastKnownFileType = text.plist.xml; path = Info.plist; sourceTree = "<group>"; };
/* End PBXFileReference section */

/* Begin PBXFrameworksBuildPhase section */
		ED99034E20892A1800A25C05 /* Frameworks */ = {
			isa = PBXFrameworksBuildPhase;
			buildActionMask = 2147483647;
			files = (
			);
			runOnlyForDeploymentPostprocessing = 0;
		};
		ED99036820892A1800A25C05 /* Frameworks */ = {
			isa = PBXFrameworksBuildPhase;
			buildActionMask = 2147483647;
			files = (
			);
			runOnlyForDeploymentPostprocessing = 0;
		};
		ED99037320892A1800A25C05 /* Frameworks */ = {
			isa = PBXFrameworksBuildPhase;
			buildActionMask = 2147483647;
			files = (
			);
			runOnlyForDeploymentPostprocessing = 0;
		};
/* End PBXFrameworksBuildPhase section */

/* Begin PBXGroup section */
		ED99034820892A1800A25C05 = {
			isa = PBXGroup;
			children = (
				ED99035320892A1800A25C05 /* Pong */,
				ED99036E20892A1800A25C05 /* PongTests */,
				ED99037920892A1800A25C05 /* PongUITests */,
				ED99035220892A1800A25C05 /* Products */,
			);
			sourceTree = "<group>";
		};
		ED99035220892A1800A25C05 /* Products */ = {
			isa = PBXGroup;
			children = (
				ED99035120892A1800A25C05 /* Pong.app */,
				ED99036B20892A1800A25C05 /* PongTests.xctest */,
				ED99037620892A1800A25C05 /* PongUITests.xctest */,
			);
			name = Products;
			sourceTree = "<group>";
		};
		ED99035320892A1800A25C05 /* Pong */ = {
			isa = PBXGroup;
			children = (
				ED99035420892A1800A25C05 /* AppDelegate.swift */,
				ED99035620892A1800A25C05 /* GameScene.sks */,
				ED99035820892A1800A25C05 /* Actions.sks */,
				ED99035A20892A1800A25C05 /* GameScene.swift */,
				ED99035C20892A1800A25C05 /* GameViewController.swift */,
				ED99035E20892A1800A25C05 /* Main.storyboard */,
				ED99036120892A1800A25C05 /* Assets.xcassets */,
				ED99036320892A1800A25C05 /* LaunchScreen.storyboard */,
				ED99036620892A1800A25C05 /* Info.plist */,
			);
			path = Pong;
			sourceTree = "<group>";
		};
		ED99036E20892A1800A25C05 /* PongTests */ = {
			isa = PBXGroup;
			children = (
				ED99036F20892A1800A25C05 /* PongTests.swift */,
				ED99037120892A1800A25C05 /* Info.plist */,
			);
			path = PongTests;
			sourceTree = "<group>";
		};
		ED99037920892A1800A25C05 /* PongUITests */ = {
			isa = PBXGroup;
			children = (
				ED99037A20892A1800A25C05 /* PongUITests.swift */,
				ED99037C20892A1800A25C05 /* Info.plist */,
			);
			path = PongUITests;
			sourceTree = "<group>";
		};
/* End PBXGroup section */

/* Begin PBXNativeTarget section */
		ED99035020892A1800A25C05 /* Pong */ = {
			isa = PBXNativeTarget;
			buildConfigurationList = ED99037F20892A1800A25C05 /* Build configuration list for PBXNativeTarget "Pong" */;
			buildPhases = (
				ED99034D20892A1800A25C05 /* Sources */,
				ED99034E20892A1800A25C05 /* Frameworks */,
				ED99034F20892A1800A25C05 /* Resources */,
			);
			buildRules = (
			);
			dependencies = (
			);
			name = Pong;
			productName = Pong;
			productReference = ED99035120892A1800A25C05 /* Pong.app */;
			productType = "com.apple.product-type.application";
		};
		ED99036A20892A1800A25C05 /* PongTests */ = {
			isa = PBXNativeTarget;
			buildConfigurationList = ED99038220892A1800A25C05 /* Build configuration list for PBXNativeTarget "PongTests" */;
			buildPhases = (
				ED99036720892A1800A25C05 /* Sources */,
				ED99036820892A1800A25C05 /* Frameworks */,
				ED99036920892A1800A25C05 /* Resources */,
			);
			buildRules = (
			);
			dependencies = (
				ED99036D20892A1800A25C05 /* PBXTargetDependency */,
			);
			name = PongTests;
			productName = PongTests;
			productReference = ED99036B20892A1800A25C05 /* PongTests.xctest */;
			productType = "com.apple.product-type.bundle.unit-test";
		};
		ED99037520892A1800A25C05 /* PongUITests */ = {
			isa = PBXNativeTarget;
			buildConfigurationList = ED99038520892A1800A25C05 /* Build configuration list for PBXNativeTarget "PongUITests" */;
			buildPhases = (
				ED99037220892A1800A25C05 /* Sources */,
				ED99037320892A1800A25C05 /* Frameworks */,
				ED99037420892A1800A25C05 /* Resources */,
			);
			buildRules = (
			);
			dependencies = (
				ED99037820892A1800A25C05 /* PBXTargetDependency */,
			);
			name = PongUITests;
			productName = PongUITests;
			productReference = ED99037620892A1800A25C05 /* PongUITests.xctest */;
			productType = "com.apple.product-type.bundle.ui-testing";
		};
/* End PBXNativeTarget section */

/* Begin PBXProject section */
		ED99034920892A1800A25C05 /* Project object */ = {
			isa = PBXProject;
			attributes = {
				LastSwiftUpdateCheck = 0920;
				LastUpgradeCheck = 0920;
				ORGANIZATIONNAME = Benjamin;
				TargetAttributes = {
					ED99035020892A1800A25C05 = {
						CreatedOnToolsVersion = 9.2;
						ProvisioningStyle = Automatic;
					};
					ED99036A20892A1800A25C05 = {
						CreatedOnToolsVersion = 9.2;
						ProvisioningStyle = Automatic;
						TestTargetID = ED99035020892A1800A25C05;
					};
					ED99037520892A1800A25C05 = {
						CreatedOnToolsVersion = 9.2;
						ProvisioningStyle = Automatic;
						TestTargetID = ED99035020892A1800A25C05;
					};
				};
			};
			buildConfigurationList = ED99034C20892A1800A25C05 /* Build configuration list for PBXProject "Pong" */;
			compatibilityVersion = "Xcode 8.0";
			developmentRegion = en;
			hasScannedForEncodings = 0;
			knownRegions = (
				en,
				Base,
			);
			mainGroup = ED99034820892A1800A25C05;
			productRefGroup = ED99035220892A1800A25C05 /* Products */;
			projectDirPath = "";
			projectRoot = "";
			targets = (
				ED99035020892A1800A25C05 /* Pong */,
				ED99036A20892A1800A25C05 /* PongTests */,
				ED99037520892A1800A25C05 /* PongUITests */,
			);
		};
/* End PBXProject section */

/* Begin PBXResourcesBuildPhase section */
		ED99034F20892A1800A25C05 /* Resources */ = {
			isa = PBXResourcesBuildPhase;
			buildActionMask = 2147483647;
			files = (
				ED99036020892A1800A25C05 /* Main.storyboard in Resources */,
				ED99035720892A1800A25C05 /* GameScene.sks in Resources */,
				ED99036220892A1800A25C05 /* Assets.xcassets in Resources */,
				ED99036520892A1800A25C05 /* LaunchScreen.storyboard in Resources */,
				ED99035920892A1800A25C05 /* Actions.sks in Resources */,
			);
			runOnlyForDeploymentPostprocessing = 0;
		};
		ED99036920892A1800A25C05 /* Resources */ = {
			isa = PBXResourcesBuildPhase;
			buildActionMask = 2147483647;
			files = (
			);
			runOnlyForDeploymentPostprocessing = 0;
		};
		ED99037420892A1800A25C05 /* Resources */ = {
			isa = PBXResourcesBuildPhase;
			buildActionMask = 2147483647;
			files = (
			);
			runOnlyForDeploymentPostprocessing = 0;
		};
/* End PBXResourcesBuildPhase section */

/* Begin PBXSourcesBuildPhase section */
		ED99034D20892A1800A25C05 /* Sources */ = {
			isa = PBXSourcesBuildPhase;
			buildActionMask = 2147483647;
			files = (
				ED99035B20892A1800A25C05 /* GameScene.swift in Sources */,
				ED99035D20892A1800A25C05 /* GameViewController.swift in Sources */,
				ED99035520892A1800A25C05 /* AppDelegate.swift in Sources */,
			);
			runOnlyForDeploymentPostprocessing = 0;
		};
		ED99036720892A1800A25C05 /* Sources */ = {
			isa = PBXSourcesBuildPhase;
			buildActionMask = 2147483647;
			files = (
				ED99037020892A1800A25C05 /* PongTests.swift in Sources */,
			);
			runOnlyForDeploymentPostprocessing = 0;
		};
		ED99037220892A1800A25C05 /* Sources */ = {
			isa = PBXSourcesBuildPhase;
			buildActionMask = 2147483647;
			files = (
				ED99037B20892A1800A25C05 /* PongUITests.swift in Sources */,
			);
			runOnlyForDeploymentPostprocessing = 0;
		};
/* End PBXSourcesBuildPhase section */

/* Begin PBXTargetDependency section */
		ED99036D20892A1800A25C05 /* PBXTargetDependency */ = {
			isa = PBXTargetDependency;
			target = ED99035020892A1800A25C05 /* Pong */;
			targetProxy = ED99036C20892A1800A25C05 /* PBXContainerItemProxy */;
		};
		ED99037820892A1800A25C05 /* PBXTargetDependency */ = {
			isa = PBXTargetDependency;
			target = ED99035020892A1800A25C05 /* Pong */;
			targetProxy = ED99037720892A1800A25C05 /* PBXContainerItemProxy */;
		};
/* End PBXTargetDependency section */

/* Begin PBXVariantGroup section */
		ED99035E20892A1800A25C05 /* Main.storyboard */ = {
			isa = PBXVariantGroup;
			children = (
				ED99035F20892A1800A25C05 /* Base */,
			);
			name = Main.storyboard;
			sourceTree = "<group>";
		};
		ED99036320892A1800A25C05 /* LaunchScreen.storyboard */ = {
			isa = PBXVariantGroup;
			children = (
				ED99036420892A1800A25C05 /* Base */,
			);
			name = LaunchScreen.storyboard;
			sourceTree = "<group>";
		};
/* End PBXVariantGroup section */

/* Begin XCBuildConfiguration section */
		ED99037D20892A1800A25C05 /* Debug */ = {
			isa = XCBuildConfiguration;
			buildSettings = {
				ALWAYS_SEARCH_USER_PATHS = NO;
				CLANG_ANALYZER_NONNULL = YES;
				CLANG_ANALYZER_NUMBER_OBJECT_CONVERSION = YES_AGGRESSIVE;
				CLANG_CXX_LANGUAGE_STANDARD = "gnu++14";
				CLANG_CXX_LIBRARY = "libc++";
				CLANG_ENABLE_MODULES = YES;
				CLANG_ENABLE_OBJC_ARC = YES;
				CLANG_WARN_BLOCK_CAPTURE_AUTORELEASING = YES;
				CLANG_WARN_BOOL_CONVERSION = YES;
				CLANG_WARN_COMMA = YES;
				CLANG_WARN_CONSTANT_CONVERSION = YES;
				CLANG_WARN_DIRECT_OBJC_ISA_USAGE = YES_ERROR;
				CLANG_WARN_DOCUMENTATION_COMMENTS = YES;
				CLANG_WARN_EMPTY_BODY = YES;
				CLANG_WARN_ENUM_CONVERSION = YES;
				CLANG_WARN_INFINITE_RECURSION = YES;
				CLANG_WARN_INT_CONVERSION = YES;
				CLANG_WARN_NON_LITERAL_NULL_CONVERSION = YES;
				CLANG_WARN_OBJC_LITERAL_CONVERSION = YES;
				CLANG_WARN_OBJC_ROOT_CLASS = YES_ERROR;
				CLANG_WARN_RANGE_LOOP_ANALYSIS = YES;
				CLANG_WARN_STRICT_PROTOTYPES = YES;
				CLANG_WARN_SUSPICIOUS_MOVE = YES;
				CLANG_WARN_UNGUARDED_AVAILABILITY = YES_AGGRESSIVE;
				CLANG_WARN_UNREACHABLE_CODE = YES;
				CLANG_WARN__DUPLICATE_METHOD_MATCH = YES;
				CODE_SIGN_IDENTITY = "iPhone Developer";
				COPY_PHASE_STRIP = NO;
				DEBUG_INFORMATION_FORMAT = dwarf;
				ENABLE_STRICT_OBJC_MSGSEND = YES;
				ENABLE_TESTABILITY = YES;
				GCC_C_LANGUAGE_STANDARD = gnu11;
				GCC_DYNAMIC_NO_PIC = NO;
				GCC_NO_COMMON_BLOCKS = YES;
				GCC_OPTIMIZATION_LEVEL = 0;
				GCC_PREPROCESSOR_DEFINITIONS = (
					"DEBUG=1",
					"$(inherited)",
				);
				GCC_WARN_64_TO_32_BIT_CONVERSION = YES;
				GCC_WARN_ABOUT_RETURN_TYPE = YES_ERROR;
				GCC_WARN_UNDECLARED_SELECTOR = YES;
				GCC_WARN_UNINITIALIZED_AUTOS = YES_AGGRESSIVE;
				GCC_WARN_UNUSED_FUNCTION = YES;
				GCC_WARN_UNUSED_VARIABLE = YES;
				IPHONEOS_DEPLOYMENT_TARGET = 11.2;
				MTL_ENABLE_DEBUG_INFO = YES;
				ONLY_ACTIVE_ARCH = YES;
				SDKROOT = iphoneos;
				SWIFT_ACTIVE_COMPILATION_CONDITIONS = DEBUG;
				SWIFT_OPTIMIZATION_LEVEL = "-Onone";
			};
			name = Debug;
		};
		ED99037E20892A1800A25C05 /* Release */ = {
			isa = XCBuildConfiguration;
			buildSettings = {
				ALWAYS_SEARCH_USER_PATHS = NO;
				CLANG_ANALYZER_NONNULL = YES;
				CLANG_ANALYZER_NUMBER_OBJECT_CONVERSION = YES_AGGRESSIVE;
				CLANG_CXX_LANGUAGE_STANDARD = "gnu++14";
				CLANG_CXX_LIBRARY = "libc++";
				CLANG_ENABLE_MODULES = YES;
				CLANG_ENABLE_OBJC_ARC = YES;
				CLANG_WARN_BLOCK_CAPTURE_AUTORELEASING = YES;
				CLANG_WARN_BOOL_CONVERSION = YES;
				CLANG_WARN_COMMA = YES;
				CLANG_WARN_CONSTANT_CONVERSION = YES;
				CLANG_WARN_DIRECT_OBJC_ISA_USAGE = YES_ERROR;
				CLANG_WARN_DOCUMENTATION_COMMENTS = YES;
				CLANG_WARN_EMPTY_BODY = YES;
				CLANG_WARN_ENUM_CONVERSION = YES;
				CLANG_WARN_INFINITE_RECURSION = YES;
				CLANG_WARN_INT_CONVERSION = YES;
				CLANG_WARN_NON_LITERAL_NULL_CONVERSION = YES;
				CLANG_WARN_OBJC_LITERAL_CONVERSION = YES;
				CLANG_WARN_OBJC_ROOT_CLASS = YES_ERROR;
				CLANG_WARN_RANGE_LOOP_ANALYSIS = YES;
				CLANG_WARN_STRICT_PROTOTYPES = YES;
				CLANG_WARN_SUSPICIOUS_MOVE = YES;
				CLANG_WARN_UNGUARDED_AVAILABILITY = YES_AGGRESSIVE;
				CLANG_WARN_UNREACHABLE_CODE = YES;
				CLANG_WARN__DUPLICATE_METHOD_MATCH = YES;
				CODE_SIGN_IDENTITY = "iPhone Developer";
				COPY_PHASE_STRIP = NO;
				DEBUG_INFORMATION_FORMAT = "dwarf-with-dsym";
				ENABLE_NS_ASSERTIONS = NO;
				ENABLE_STRICT_OBJC_MSGSEND = YES;
				GCC_C_LANGUAGE_STANDARD = gnu11;
				GCC_NO_COMMON_BLOCKS = YES;
				GCC_WARN_64_TO_32_BIT_CONVERSION = YES;
				GCC_WARN_ABOUT_RETURN_TYPE = YES_ERROR;
				GCC_WARN_UNDECLARED_SELECTOR = YES;
				GCC_WARN_UNINITIALIZED_AUTOS = YES_AGGRESSIVE;
				GCC_WARN_UNUSED_FUNCTION = YES;
				GCC_WARN_UNUSED_VARIABLE = YES;
				IPHONEOS_DEPLOYMENT_TARGET = 11.2;
				MTL_ENABLE_DEBUG_INFO = NO;
				SDKROOT = iphoneos;
				SWIFT_OPTIMIZATION_LEVEL = "-Owholemodule";
				VALIDATE_PRODUCT = YES;
			};
			name = Release;
		};
		ED99038020892A1800A25C05 /* Debug */ = {
			isa = XCBuildConfiguration;
			buildSettings = {
				ASSETCATALOG_COMPILER_APPICON_NAME = AppIcon;
				CODE_SIGN_STYLE = Automatic;
				INFOPLIST_FILE = Pong/Info.plist;
				LD_RUNPATH_SEARCH_PATHS = "$(inherited) @executable_path/Frameworks";
				PRODUCT_BUNDLE_IDENTIFIER = Benji.Pong;
				PRODUCT_NAME = "$(TARGET_NAME)";
				SWIFT_VERSION = 4.0;
				TARGETED_DEVICE_FAMILY = "1,2";
			};
			name = Debug;
		};
		ED99038120892A1800A25C05 /* Release */ = {
			isa = XCBuildConfiguration;
			buildSettings = {
				ASSETCATALOG_COMPILER_APPICON_NAME = AppIcon;
				CODE_SIGN_STYLE = Automatic;
				INFOPLIST_FILE = Pong/Info.plist;
				LD_RUNPATH_SEARCH_PATHS = "$(inherited) @executable_path/Frameworks";
				PRODUCT_BUNDLE_IDENTIFIER = Benji.Pong;
				PRODUCT_NAME = "$(TARGET_NAME)";
				SWIFT_VERSION = 4.0;
				TARGETED_DEVICE_FAMILY = "1,2";
			};
			name = Release;
		};
		ED99038320892A1800A25C05 /* Debug */ = {
			isa = XCBuildConfiguration;
			buildSettings = {
				ALWAYS_EMBED_SWIFT_STANDARD_LIBRARIES = YES;
				BUNDLE_LOADER = "$(TEST_HOST)";
				CODE_SIGN_STYLE = Automatic;
				INFOPLIST_FILE = PongTests/Info.plist;
				LD_RUNPATH_SEARCH_PATHS = "$(inherited) @executable_path/Frameworks @loader_path/Frameworks";
				PRODUCT_BUNDLE_IDENTIFIER = Benji.PongTests;
				PRODUCT_NAME = "$(TARGET_NAME)";
				SWIFT_VERSION = 4.0;
				TARGETED_DEVICE_FAMILY = "1,2";
				TEST_HOST = "$(BUILT_PRODUCTS_DIR)/Pong.app/Pong";
			};
			name = Debug;
		};
		ED99038420892A1800A25C05 /* Release */ = {
			isa = XCBuildConfiguration;
			buildSettings = {
				ALWAYS_EMBED_SWIFT_STANDARD_LIBRARIES = YES;
				BUNDLE_LOADER = "$(TEST_HOST)";
				CODE_SIGN_STYLE = Automatic;
				INFOPLIST_FILE = PongTests/Info.plist;
				LD_RUNPATH_SEARCH_PATHS = "$(inherited) @executable_path/Frameworks @loader_path/Frameworks";
				PRODUCT_BUNDLE_IDENTIFIER = Benji.PongTests;
				PRODUCT_NAME = "$(TARGET_NAME)";
				SWIFT_VERSION = 4.0;
				TARGETED_DEVICE_FAMILY = "1,2";
				TEST_HOST = "$(BUILT_PRODUCTS_DIR)/Pong.app/Pong";
			};
			name = Release;
		};
		ED99038620892A1800A25C05 /* Debug */ = {
			isa = XCBuildConfiguration;
			buildSettings = {
				ALWAYS_EMBED_SWIFT_STANDARD_LIBRARIES = YES;
				CODE_SIGN_STYLE = Automatic;
				INFOPLIST_FILE = PongUITests/Info.plist;
				LD_RUNPATH_SEARCH_PATHS = "$(inherited) @executable_path/Frameworks @loader_path/Frameworks";
				PRODUCT_BUNDLE_IDENTIFIER = Benji.PongUITests;
				PRODUCT_NAME = "$(TARGET_NAME)";
				SWIFT_VERSION = 4.0;
				TARGETED_DEVICE_FAMILY = "1,2";
				TEST_TARGET_NAME = Pong;
			};
			name = Debug;
		};
		ED99038720892A1800A25C05 /* Release */ = {
			isa = XCBuildConfiguration;
			buildSettings = {
				ALWAYS_EMBED_SWIFT_STANDARD_LIBRARIES = YES;
				CODE_SIGN_STYLE = Automatic;
				INFOPLIST_FILE = PongUITests/Info.plist;
				LD_RUNPATH_SEARCH_PATHS = "$(inherited) @executable_path/Frameworks @loader_path/Frameworks";
				PRODUCT_BUNDLE_IDENTIFIER = Benji.PongUITests;
				PRODUCT_NAME = "$(TARGET_NAME)";
				SWIFT_VERSION = 4.0;
				TARGETED_DEVICE_FAMILY = "1,2";
				TEST_TARGET_NAME = Pong;
			};
			name = Release;
		};
/* End XCBuildConfiguration section */

/* Begin XCConfigurationList section */
		ED99034C20892A1800A25C05 /* Build configuration list for PBXProject "Pong" */ = {
			isa = XCConfigurationList;
			buildConfigurations = (
				ED99037D20892A1800A25C05 /* Debug */,
				ED99037E20892A1800A25C05 /* Release */,
			);
			defaultConfigurationIsVisible = 0;
			defaultConfigurationName = Release;
		};
		ED99037F20892A1800A25C05 /* Build configuration list for PBXNativeTarget "Pong" */ = {
			isa = XCConfigurationList;
			buildConfigurations = (
				ED99038020892A1800A25C05 /* Debug */,
				ED99038120892A1800A25C05 /* Release */,
			);
			defaultConfigurationIsVisible = 0;
			defaultConfigurationName = Release;
		};
		ED99038220892A1800A25C05 /* Build configuration list for PBXNativeTarget "PongTests" */ = {
			isa = XCConfigurationList;
			buildConfigurations = (
				ED99038320892A1800A25C05 /* Debug */,
				ED99038420892A1800A25C05 /* Release */,
			);
			defaultConfigurationIsVisible = 0;
			defaultConfigurationName = Release;
		};
		ED99038520892A1800A25C05 /* Build configuration list for PBXNativeTarget "PongUITests" */ = {
			isa = XCConfigurationList;
			buildConfigurations = (
				ED99038620892A1800A25C05 /* Debug */,
				ED99038720892A1800A25C05 /* Release */,
			);
			defaultConfigurationIsVisible = 0;
			defaultConfigurationName = Release;
		};
/* End XCConfigurationList section */
	};
	rootObject = ED99034920892A1800A25C05 /* Project object */;
}
